{
  "originHash" : "5a914984abdda40917b99d0ad7096bd73088958ea4736bc227dd95043b602428",
  "pins" : [
    {
      "identity" : "azookeykanakanjiconverter",
      "kind" : "remoteSourceControl",
      "location" : "https://github.com/azooKey/AzooKeyKanaKanjiConverter",
      "state" : {
        "revision" : "2cde22d3e2dd67244f7b095e092f23892dd4d566"
      }
    },
    {
      "identity" : "jinja",
      "kind" : "remoteSourceControl",
      "location" : "https://github.com/johnmai-dev/Jinja",
      "state" : {
        "revision" : "bbddb92fc51ae420b87300298370fd1dfc308f73",
        "version" : "1.1.1"
      }
    },
    {
      "identity" : "swift-algorithms",
      "kind" : "remoteSourceControl",
      "location" : "https://github.com/apple/swift-algorithms",
      "state" : {
        "revision" : "87e50f483c54e6efd60e885f7f5aa946cee68023",
        "version" : "1.2.1"
      }
    },
    {
      "identity" : "swift-argument-parser",
      "kind" : "remoteSourceControl",
      "location" : "https://github.com/apple/swift-argument-parser",
      "state" : {
        "revision" : "41982a3656a71c768319979febd796c6fd111d5c",
        "version" : "1.5.0"
      }
    },
    {
      "identity" : "swift-atomics",
      "kind" : "remoteSourceControl",
      "location" : "https://github.com/apple/swift-atomics.git",
      "state" : {
        "revision" : "cd142fd2f64be2100422d658e7411e39489da985",
        "version" : "1.2.0"
      }
    },
    {
      "identity" : "swift-collections",
      "kind" : "remoteSourceControl",
      "location" : "https://github.com/apple/swift-collections",
      "state" : {
        "revision" : "671108c96644956dddcd89dd59c203dcdb36cec7",
        "version" : "1.1.4"
      }
    },
    {
      "identity" : "swift-log",
      "kind" : "remoteSourceControl",
      "location" : "https://github.com/apple/swift-log.git",
      "state" : {
        "revision" : "3d8596ed08bd13520157f0355e35caed215ffbfa",
        "version" : "1.6.3"
      }
    },
    {
      "identity" : "swift-nio",
      "kind" : "remoteSourceControl",
      "location" : "https://github.com/apple/swift-nio.git",
      "state" : {
        "revision" : "6e17bc946821e550b88d22fd964423f70f1ce42d",
        "version" : "2.82.0"
      }
    },
    {
      "identity" : "swift-numerics",
      "kind" : "remoteSourceControl",
      "location" : "https://github.com/apple/swift-numerics.git",
      "state" : {
        "revision" : "e0ec0f5f3af6f3e4d5e7a19d2af26b481acb6ba8",
        "version" : "1.0.3"
      }
    },
    {
      "identity" : "swift-system",
      "kind" : "remoteSourceControl",
      "location" : "https://github.com/apple/swift-system.git",
      "state" : {
        "revision" : "a34201439c74b53f0fd71ef11741af7e7caf01e1",
        "version" : "1.4.2"
      }
    },
    {
      "identity" : "swift-tokenizers",
      "kind" : "remoteSourceControl",
      "location" : "https://github.com/ensan-hcl/swift-tokenizers",
      "state" : {
        "branch" : "feat/minimum",
        "revision" : "407e51806c0c3354a9045f23859ed1704114e514"
      }
    },
    {
      "identity" : "swiftymarisa",
      "kind" : "remoteSourceControl",
      "location" : "https://github.com/ensan-hcl/SwiftyMarisa",
      "state" : {
        "revision" : "6e145aef5583aac96dd7ff8f9fbb9944d893128e"
      }
    }
  ],
  "version" : 3
}
